
Microsoft Visual Studio Solution File, Format Version 12.00
Project("{FAE04EC0-301F-11D3-BF4B-00C04F79EFBC}") = "FixSfi", "FixSfi\FixSfi.csproj", "{975DE6F6-2A92-491E-9E50-45801BE4A139}"
EndProject
Global
	GlobalSection(SolutionConfigurationPlatforms) = preSolution
		Debug|Any CPU = Debug|Any CPU
		Release|Any CPU = Release|Any CPU
	EndGlobalSection
	GlobalSection(ProjectConfigurationPlatforms) = postSolution
		{975DE6F6-2A92-491E-9E50-45801BE4A139}.Debug|Any CPU.ActiveCfg = Debug|Any CPU
		{975DE6F6-2A92-491E-9E50-45801BE4A139}.Debug|Any CPU.Build.0 = Debug|Any CPU
		{975DE6F6-2A92-491E-9E50-45801BE4A139}.Release|Any CPU.ActiveCfg = Release|Any CPU
		{975DE6F6-2A92-491E-9E50-45801BE4A139}.Release|Any CPU.Build.0 = Release|Any CPU
	EndGlobalSection
EndGlobal
